{
  "nodes": {
    "nixpkgs": {
      "locked": {
        "lastModified": 1695118193,
        "narHash": "sha256-fEQK4mgchrTjDWDqCOfsXl0G87CCBtiar9ZuoPijwcI=",
        "owner": "NixOS",
        "repo": "nixpkgs",
        "rev": "5925c27bb78238528042f9f4525354a5ba31e338",
        "type": "github"
      },
      "original": {
        "owner": "NixOS",
        "repo": "nixpkgs",
        "type": "github"
      }
    },
    "root": {
      "inputs": {
        "nixpkgs": "nixpkgs"
      }
    }
  },
  "root": "root",
  "version": 7
}
